
Microsoft Visual Studio Solution File, Format Version 12.00
# Visual Studio 14
VisualStudioVersion = 14.0.24720.0
MinimumVisualStudioVersion = 10.0.40219.1
Project("{FAE04EC0-301F-11D3-BF4B-00C04F79EFBC}") = "Problem 1. Garden", "Problem 1. Garden\Problem 1. Garden.csproj", "{7D7B3E55-BC23-4D23-B75B-758EF9E50694}"
EndProject
Project("{FAE04EC0-301F-11D3-BF4B-00C04F79EFBC}") = "Problem 2. Secrets of Numbers", "Problem 2. Secrets of Numbers\Problem 2. Secrets of Numbers.csproj", "{C3E56288-9AF0-4A26-B72E-D8801633C867}"
EndProject
Project("{FAE04EC0-301F-11D3-BF4B-00C04F79EFBC}") = "Problem 3. Card Wars", "Problem 3. Card Wars\Problem 3. Card Wars.csproj", "{D693EC21-B848-46DE-BED2-1E6B01746B1B}"
EndProject
Project("{FAE04EC0-301F-11D3-BF4B-00C04F79EFBC}") = "Problem 4. Bat Goiko Tower", "Problem 4. Bat Goiko Tower\Problem 4. Bat Goiko Tower.csproj", "{B459DD7A-B859-4225-A6B3-91010BD867C2}"
EndProject
Project("{FAE04EC0-301F-11D3-BF4B-00C04F79EFBC}") = "Problem 5. Bittris", "Problem 5. Bittris\Problem 5. Bittris.csproj", "{24F5EB38-B2C1-4E53-8435-A48C90E41CDE}"
EndProject
Global
	GlobalSection(SolutionConfigurationPlatforms) = preSolution
		Debug|Any CPU = Debug|Any CPU
		Release|Any CPU = Release|Any CPU
	EndGlobalSection
	GlobalSection(ProjectConfigurationPlatforms) = postSolution
		{7D7B3E55-BC23-4D23-B75B-758EF9E50694}.Debug|Any CPU.ActiveCfg = Debug|Any CPU
		{7D7B3E55-BC23-4D23-B75B-758EF9E50694}.Debug|Any CPU.Build.0 = Debug|Any CPU
		{7D7B3E55-BC23-4D23-B75B-758EF9E50694}.Release|Any CPU.ActiveCfg = Release|Any CPU
		{7D7B3E55-BC23-4D23-B75B-758EF9E50694}.Release|Any CPU.Build.0 = Release|Any CPU
		{C3E56288-9AF0-4A26-B72E-D8801633C867}.Debug|Any CPU.ActiveCfg = Debug|Any CPU
		{C3E56288-9AF0-4A26-B72E-D8801633C867}.Debug|Any CPU.Build.0 = Debug|Any CPU
		{C3E56288-9AF0-4A26-B72E-D8801633C867}.Release|Any CPU.ActiveCfg = Release|Any CPU
		{C3E56288-9AF0-4A26-B72E-D8801633C867}.Release|Any CPU.Build.0 = Release|Any CPU
		{D693EC21-B848-46DE-BED2-1E6B01746B1B}.Debug|Any CPU.ActiveCfg = Debug|Any CPU
		{D693EC21-B848-46DE-BED2-1E6B01746B1B}.Debug|Any CPU.Build.0 = Debug|Any CPU
		{D693EC21-B848-46DE-BED2-1E6B01746B1B}.Release|Any CPU.ActiveCfg = Release|Any CPU
		{D693EC21-B848-46DE-BED2-1E6B01746B1B}.Release|Any CPU.Build.0 = Release|Any CPU
		{B459DD7A-B859-4225-A6B3-91010BD867C2}.Debug|Any CPU.ActiveCfg = Debug|Any CPU
		{B459DD7A-B859-4225-A6B3-91010BD867C2}.Debug|Any CPU.Build.0 = Debug|Any CPU
		{B459DD7A-B859-4225-A6B3-91010BD867C2}.Release|Any CPU.ActiveCfg = Release|Any CPU
		{B459DD7A-B859-4225-A6B3-91010BD867C2}.Release|Any CPU.Build.0 = Release|Any CPU
		{24F5EB38-B2C1-4E53-8435-A48C90E41CDE}.Debug|Any CPU.ActiveCfg = Debug|Any CPU
		{24F5EB38-B2C1-4E53-8435-A48C90E41CDE}.Debug|Any CPU.Build.0 = Debug|Any CPU
		{24F5EB38-B2C1-4E53-8435-A48C90E41CDE}.Release|Any CPU.ActiveCfg = Release|Any CPU
		{24F5EB38-B2C1-4E53-8435-A48C90E41CDE}.Release|Any CPU.Build.0 = Release|Any CPU
	EndGlobalSection
	GlobalSection(SolutionProperties) = preSolution
		HideSolutionNode = FALSE
	EndGlobalSection
EndGlobal
